{
  "name": "@openmfp/gha-cache",
  "version": "0.5.13",
  "lockfileVersion": 3,
  "requires": true,
  "packages": {
    "": {
      "name": "@openmfp/gha-cache",
      "version": "0.5.13",
      "devDependencies": {
        "@actions/artifact": "^1.1.2",
        "@types/node": "^22.13.16",
        "esbuild": "^0.25.2",
        "typescript": "^5.8.2"
      },
      "peerDependencies": {
        "node-jq": "6.3.1"
      }
    },
    "node_modules/@actions/artifact": {
      "version": "1.1.2",
      "resolved": "https://registry.npmjs.org/@actions/artifact/-/artifact-1.1.2.tgz",
      "integrity": "sha512-1gLONA4xw3/Q/9vGxKwkFdV9u1LE2RWGx/IpAqg28ZjprCnJFjwn4pA7LtShqg5mg5WhMek2fjpyH1leCmOlQQ==",
      "dev": true,
      "license": "MIT",
      "dependencies": {
        "@actions/core": "^1.9.1",
        "@actions/http-client": "^2.0.1",
        "tmp": "^0.2.1",
        "tmp-promise": "^3.0.2"
      }
    },
    "node_modules/@actions/core": {
      "version": "1.11.1",
      "resolved": "https://registry.npmjs.org/@actions/core/-/core-1.11.1.tgz",
      "integrity": "sha512-hXJCSrkwfA46Vd9Z3q4cpEpHB1rL5NG04+/rbqW9d3+CSvtB1tYe8UTpAlixa1vj0m/ULglfEK2UKxMGxCxv5A==",
      "dev": true,
      "license": "MIT",
      "dependencies": {
        "@actions/exec": "^1.1.1",
        "@actions/http-client": "^2.0.1"
      }
    },
    "node_modules/@actions/exec": {
      "version": "1.1.1",
      "resolved": "https://registry.npmjs.org/@actions/exec/-/exec-1.1.1.tgz",
      "integrity": "sha512-+sCcHHbVdk93a0XT19ECtO/gIXoxvdsgQLzb2fE2/5sIZmWQuluYyjPQtrtTHdU1YzTZ7bAPN4sITq2xi1679w==",
      "dev": true,
      "license": "MIT",
      "dependencies": {
        "@actions/io": "^1.0.1"
      }
    },
    "node_modules/@actions/http-client": {
      "version": "2.2.3",
      "resolved": "https://registry.npmjs.org/@actions/http-client/-/http-client-2.2.3.tgz",
      "integrity": "sha512-mx8hyJi/hjFvbPokCg4uRd4ZX78t+YyRPtnKWwIl+RzNaVuFpQHfmlGVfsKEJN8LwTCvL+DfVgAM04XaHkm6bA==",
      "dev": true,
      "license": "MIT",
      "dependencies": {
        "tunnel": "^0.0.6",
        "undici": "^5.25.4"
      }
    },
    "node_modules/@actions/io": {
      "version": "1.1.3",
      "resolved": "https://registry.npmjs.org/@actions/io/-/io-1.1.3.tgz",
      "integrity": "sha512-wi9JjgKLYS7U/z8PPbco+PvTb/nRWjeoFlJ1Qer83k/3C5PHQi28hiVdeE2kHXmIL99mQFawx8qt/JPjZilJ8Q==",
      "dev": true,
      "license": "MIT"
    },
    "node_modules/@esbuild/aix-ppc64": {
      "version": "0.25.10",
      "resolved": "https://registry.npmjs.org/@esbuild/aix-ppc64/-/aix-ppc64-0.25.10.tgz",
      "integrity": "sha512-0NFWnA+7l41irNuaSVlLfgNT12caWJVLzp5eAVhZ0z1qpxbockccEt3s+149rE64VUI3Ml2zt8Nv5JVc4QXTsw==",
      "cpu": [
        "ppc64"
      ],
      "dev": true,
      "license": "MIT",
      "optional": true,
      "os": [
        "aix"
      ],
      "engines": {
        "node": ">=18"
      }
    },
    "node_modules/@esbuild/android-arm": {
      "version": "0.25.10",
      "resolved": "https://registry.npmjs.org/@esbuild/android-arm/-/android-arm-0.25.10.tgz",
      "integrity": "sha512-dQAxF1dW1C3zpeCDc5KqIYuZ1tgAdRXNoZP7vkBIRtKZPYe2xVr/d3SkirklCHudW1B45tGiUlz2pUWDfbDD4w==",
      "cpu": [
        "arm"
      ],
      "dev": true,
      "license": "MIT",
      "optional": true,
      "os": [
        "android"
      ],
      "engines": {
        "node": ">=18"
      }
    },
    "node_modules/@esbuild/android-arm64": {
      "version": "0.25.10",
      "resolved": "https://registry.npmjs.org/@esbuild/android-arm64/-/android-arm64-0.25.10.tgz",
      "integrity": "sha512-LSQa7eDahypv/VO6WKohZGPSJDq5OVOo3UoFR1E4t4Gj1W7zEQMUhI+lo81H+DtB+kP+tDgBp+M4oNCwp6kffg==",
      "cpu": [
        "arm64"
      ],
      "dev": true,
      "license": "MIT",
      "optional": true,
      "os": [
        "android"
      ],
      "engines": {
        "node": ">=18"
      }
    },
    "node_modules/@esbuild/android-x64": {
      "version": "0.25.10",
      "resolved": "https://registry.npmjs.org/@esbuild/android-x64/-/android-x64-0.25.10.tgz",
      "integrity": "sha512-MiC9CWdPrfhibcXwr39p9ha1x0lZJ9KaVfvzA0Wxwz9ETX4v5CHfF09bx935nHlhi+MxhA63dKRRQLiVgSUtEg==",
      "cpu": [
        "x64"
      ],
      "dev": true,
      "license": "MIT",
      "optional": true,
      "os": [
        "android"
      ],
      "engines": {
        "node": ">=18"
      }
    },
    "node_modules/@esbuild/darwin-arm64": {
      "version": "0.25.10",
      "resolved": "https://registry.npmjs.org/@esbuild/darwin-arm64/-/darwin-arm64-0.25.10.tgz",
      "integrity": "sha512-JC74bdXcQEpW9KkV326WpZZjLguSZ3DfS8wrrvPMHgQOIEIG/sPXEN/V8IssoJhbefLRcRqw6RQH2NnpdprtMA==",
      "cpu": [
        "arm64"
      ],
      "dev": true,
      "license": "MIT",
      "optional": true,
      "os": [
        "darwin"
      ],
      "engines": {
        "node": ">=18"
      }
    },
    "node_modules/@esbuild/darwin-x64": {
      "version": "0.25.10",
      "resolved": "https://registry.npmjs.org/@esbuild/darwin-x64/-/darwin-x64-0.25.10.tgz",
      "integrity": "sha512-tguWg1olF6DGqzws97pKZ8G2L7Ig1vjDmGTwcTuYHbuU6TTjJe5FXbgs5C1BBzHbJ2bo1m3WkQDbWO2PvamRcg==",
      "cpu": [
        "x64"
      ],
      "dev": true,
      "license": "MIT",
      "optional": true,
      "os": [
        "darwin"
      ],
      "engines": {
        "node": ">=18"
      }
    },
    "node_modules/@esbuild/freebsd-arm64": {
      "version": "0.25.10",
      "resolved": "https://registry.npmjs.org/@esbuild/freebsd-arm64/-/freebsd-arm64-0.25.10.tgz",
      "integrity": "sha512-3ZioSQSg1HT2N05YxeJWYR+Libe3bREVSdWhEEgExWaDtyFbbXWb49QgPvFH8u03vUPX10JhJPcz7s9t9+boWg==",
      "cpu": [
        "arm64"
      ],
      "dev": true,
      "license": "MIT",
      "optional": true,
      "os": [
        "freebsd"
      ],
      "engines": {
        "node": ">=18"
      }
    },
    "node_modules/@esbuild/freebsd-x64": {
      "version": "0.25.10",
      "resolved": "https://registry.npmjs.org/@esbuild/freebsd-x64/-/freebsd-x64-0.25.10.tgz",
      "integrity": "sha512-LLgJfHJk014Aa4anGDbh8bmI5Lk+QidDmGzuC2D+vP7mv/GeSN+H39zOf7pN5N8p059FcOfs2bVlrRr4SK9WxA==",
      "cpu": [
        "x64"
      ],
      "dev": true,
      "license": "MIT",
      "optional": true,
      "os": [
        "freebsd"
      ],
      "engines": {
        "node": ">=18"
      }
    },
    "node_modules/@esbuild/linux-arm": {
      "version": "0.25.10",
      "resolved": "https://registry.npmjs.org/@esbuild/linux-arm/-/linux-arm-0.25.10.tgz",
      "integrity": "sha512-oR31GtBTFYCqEBALI9r6WxoU/ZofZl962pouZRTEYECvNF/dtXKku8YXcJkhgK/beU+zedXfIzHijSRapJY3vg==",
      "cpu": [
        "arm"
      ],
      "dev": true,
      "license": "MIT",
      "optional": true,
      "os": [
        "linux"
      ],
      "engines": {
        "node": ">=18"
      }
    },
    "node_modules/@esbuild/linux-arm64": {
      "version": "0.25.10",
      "resolved": "https://registry.npmjs.org/@esbuild/linux-arm64/-/linux-arm64-0.25.10.tgz",
      "integrity": "sha512-5luJWN6YKBsawd5f9i4+c+geYiVEw20FVW5x0v1kEMWNq8UctFjDiMATBxLvmmHA4bf7F6hTRaJgtghFr9iziQ==",
      "cpu": [
        "arm64"
      ],
      "dev": true,
      "license": "MIT",
      "optional": true,
      "os": [
        "linux"
      ],
      "engines": {
        "node": ">=18"
      }
    },
    "node_modules/@esbuild/linux-ia32": {
      "version": "0.25.10",
      "resolved": "https://registry.npmjs.org/@esbuild/linux-ia32/-/linux-ia32-0.25.10.tgz",
      "integrity": "sha512-NrSCx2Kim3EnnWgS4Txn0QGt0Xipoumb6z6sUtl5bOEZIVKhzfyp/Lyw4C1DIYvzeW/5mWYPBFJU3a/8Yr75DQ==",
      "cpu": [
        "ia32"
      ],
      "dev": true,
      "license": "MIT",
      "optional": true,
      "os": [
        "linux"
      ],
      "engines": {
        "node": ">=18"
      }
    },
    "node_modules/@esbuild/linux-loong64": {
      "version": "0.25.10",
      "resolved": "https://registry.npmjs.org/@esbuild/linux-loong64/-/linux-loong64-0.25.10.tgz",
      "integrity": "sha512-xoSphrd4AZda8+rUDDfD9J6FUMjrkTz8itpTITM4/xgerAZZcFW7Dv+sun7333IfKxGG8gAq+3NbfEMJfiY+Eg==",
      "cpu": [
        "loong64"
      ],
      "dev": true,
      "license": "MIT",
      "optional": true,
      "os": [
        "linux"
      ],
      "engines": {
        "node": ">=18"
      }
    },
    "node_modules/@esbuild/linux-mips64el": {
      "version": "0.25.10",
      "resolved": "https://registry.npmjs.org/@esbuild/linux-mips64el/-/linux-mips64el-0.25.10.tgz",
      "integrity": "sha512-ab6eiuCwoMmYDyTnyptoKkVS3k8fy/1Uvq7Dj5czXI6DF2GqD2ToInBI0SHOp5/X1BdZ26RKc5+qjQNGRBelRA==",
      "cpu": [
        "mips64el"
      ],
      "dev": true,
      "license": "MIT",
      "optional": true,
      "os": [
        "linux"
      ],
      "engines": {
        "node": ">=18"
      }
    },
    "node_modules/@esbuild/linux-ppc64": {
      "version": "0.25.10",
      "resolved": "https://registry.npmjs.org/@esbuild/linux-ppc64/-/linux-ppc64-0.25.10.tgz",
      "integrity": "sha512-NLinzzOgZQsGpsTkEbdJTCanwA5/wozN9dSgEl12haXJBzMTpssebuXR42bthOF3z7zXFWH1AmvWunUCkBE4EA==",
      "cpu": [
        "ppc64"
      ],
      "dev": true,
      "license": "MIT",
      "optional": true,
      "os": [
        "linux"
      ],
      "engines": {
        "node": ">=18"
      }
    },
    "node_modules/@esbuild/linux-riscv64": {
      "version": "0.25.10",
      "resolved": "https://registry.npmjs.org/@esbuild/linux-riscv64/-/linux-riscv64-0.25.10.tgz",
      "integrity": "sha512-FE557XdZDrtX8NMIeA8LBJX3dC2M8VGXwfrQWU7LB5SLOajfJIxmSdyL/gU1m64Zs9CBKvm4UAuBp5aJ8OgnrA==",
      "cpu": [
        "riscv64"
      ],
      "dev": true,
      "license": "MIT",
      "optional": true,
      "os": [
        "linux"
      ],
      "engines": {
        "node": ">=18"
      }
    },
    "node_modules/@esbuild/linux-s390x": {
      "version": "0.25.10",
      "resolved": "https://registry.npmjs.org/@esbuild/linux-s390x/-/linux-s390x-0.25.10.tgz",
      "integrity": "sha512-3BBSbgzuB9ajLoVZk0mGu+EHlBwkusRmeNYdqmznmMc9zGASFjSsxgkNsqmXugpPk00gJ0JNKh/97nxmjctdew==",
      "cpu": [
        "s390x"
      ],
      "dev": true,
      "license": "MIT",
      "optional": true,
      "os": [
        "linux"
      ],
      "engines": {
        "node": ">=18"
      }
    },
    "node_modules/@esbuild/linux-x64": {
      "version": "0.25.10",
      "resolved": "https://registry.npmjs.org/@esbuild/linux-x64/-/linux-x64-0.25.10.tgz",
      "integrity": "sha512-QSX81KhFoZGwenVyPoberggdW1nrQZSvfVDAIUXr3WqLRZGZqWk/P4T8p2SP+de2Sr5HPcvjhcJzEiulKgnxtA==",
      "cpu": [
        "x64"
      ],
      "dev": true,
      "license": "MIT",
      "optional": true,
      "os": [
        "linux"
      ],
      "engines": {
        "node": ">=18"
      }
    },
    "node_modules/@esbuild/netbsd-arm64": {
      "version": "0.25.10",
      "resolved": "https://registry.npmjs.org/@esbuild/netbsd-arm64/-/netbsd-arm64-0.25.10.tgz",
      "integrity": "sha512-AKQM3gfYfSW8XRk8DdMCzaLUFB15dTrZfnX8WXQoOUpUBQ+NaAFCP1kPS/ykbbGYz7rxn0WS48/81l9hFl3u4A==",
      "cpu": [
        "arm64"
      ],
      "dev": true,
      "license": "MIT",
      "optional": true,
      "os": [
        "netbsd"
      ],
      "engines": {
        "node": ">=18"
      }
    },
    "node_modules/@esbuild/netbsd-x64": {
      "version": "0.25.10",
      "resolved": "https://registry.npmjs.org/@esbuild/netbsd-x64/-/netbsd-x64-0.25.10.tgz",
      "integrity": "sha512-7RTytDPGU6fek/hWuN9qQpeGPBZFfB4zZgcz2VK2Z5VpdUxEI8JKYsg3JfO0n/Z1E/6l05n0unDCNc4HnhQGig==",
      "cpu": [
        "x64"
      ],
      "dev": true,
      "license": "MIT",
      "optional": true,
      "os": [
        "netbsd"
      ],
      "engines": {
        "node": ">=18"
      }
    },
    "node_modules/@esbuild/openbsd-arm64": {
      "version": "0.25.10",
      "resolved": "https://registry.npmjs.org/@esbuild/openbsd-arm64/-/openbsd-arm64-0.25.10.tgz",
      "integrity": "sha512-5Se0VM9Wtq797YFn+dLimf2Zx6McttsH2olUBsDml+lm0GOCRVebRWUvDtkY4BWYv/3NgzS8b/UM3jQNh5hYyw==",
      "cpu": [
        "arm64"
      ],
      "dev": true,
      "license": "MIT",
      "optional": true,
      "os": [
        "openbsd"
      ],
      "engines": {
        "node": ">=18"
      }
    },
    "node_modules/@esbuild/openbsd-x64": {
      "version": "0.25.10",
      "resolved": "https://registry.npmjs.org/@esbuild/openbsd-x64/-/openbsd-x64-0.25.10.tgz",
      "integrity": "sha512-XkA4frq1TLj4bEMB+2HnI0+4RnjbuGZfet2gs/LNs5Hc7D89ZQBHQ0gL2ND6Lzu1+QVkjp3x1gIcPKzRNP8bXw==",
      "cpu": [
        "x64"
      ],
      "dev": true,
      "license": "MIT",
      "optional": true,
      "os": [
        "openbsd"
      ],
      "engines": {
        "node": ">=18"
      }
    },
    "node_modules/@esbuild/openharmony-arm64": {
      "version": "0.25.10",
      "resolved": "https://registry.npmjs.org/@esbuild/openharmony-arm64/-/openharmony-arm64-0.25.10.tgz",
      "integrity": "sha512-AVTSBhTX8Y/Fz6OmIVBip9tJzZEUcY8WLh7I59+upa5/GPhh2/aM6bvOMQySspnCCHvFi79kMtdJS1w0DXAeag==",
      "cpu": [
        "arm64"
      ],
      "dev": true,
      "license": "MIT",
      "optional": true,
      "os": [
        "openharmony"
      ],
      "engines": {
        "node": ">=18"
      }
    },
    "node_modules/@esbuild/sunos-x64": {
      "version": "0.25.10",
      "resolved": "https://registry.npmjs.org/@esbuild/sunos-x64/-/sunos-x64-0.25.10.tgz",
      "integrity": "sha512-fswk3XT0Uf2pGJmOpDB7yknqhVkJQkAQOcW/ccVOtfx05LkbWOaRAtn5SaqXypeKQra1QaEa841PgrSL9ubSPQ==",
      "cpu": [
        "x64"
      ],
      "dev": true,
      "license": "MIT",
      "optional": true,
      "os": [
        "sunos"
      ],
      "engines": {
        "node": ">=18"
      }
    },
    "node_modules/@esbuild/win32-arm64": {
      "version": "0.25.10",
      "resolved": "https://registry.npmjs.org/@esbuild/win32-arm64/-/win32-arm64-0.25.10.tgz",
      "integrity": "sha512-ah+9b59KDTSfpaCg6VdJoOQvKjI33nTaQr4UluQwW7aEwZQsbMCfTmfEO4VyewOxx4RaDT/xCy9ra2GPWmO7Kw==",
      "cpu": [
        "arm64"
      ],
      "dev": true,
      "license": "MIT",
      "optional": true,
      "os": [
        "win32"
      ],
      "engines": {
        "node": ">=18"
      }
    },
    "node_modules/@esbuild/win32-ia32": {
      "version": "0.25.10",
      "resolved": "https://registry.npmjs.org/@esbuild/win32-ia32/-/win32-ia32-0.25.10.tgz",
      "integrity": "sha512-QHPDbKkrGO8/cz9LKVnJU22HOi4pxZnZhhA2HYHez5Pz4JeffhDjf85E57Oyco163GnzNCVkZK0b/n4Y0UHcSw==",
      "cpu": [
        "ia32"
      ],
      "dev": true,
      "license": "MIT",
      "optional": true,
      "os": [
        "win32"
      ],
      "engines": {
        "node": ">=18"
      }
    },
    "node_modules/@esbuild/win32-x64": {
      "version": "0.25.10",
      "resolved": "https://registry.npmjs.org/@esbuild/win32-x64/-/win32-x64-0.25.10.tgz",
      "integrity": "sha512-9KpxSVFCu0iK1owoez6aC/s/EdUQLDN3adTxGCqxMVhrPDj6bt5dbrHDXUuq+Bs2vATFBBrQS5vdQ/Ed2P+nbw==",
      "cpu": [
        "x64"
      ],
      "dev": true,
      "license": "MIT",
      "optional": true,
      "os": [
        "win32"
      ],
      "engines": {
        "node": ">=18"
      }
    },
    "node_modules/@fastify/busboy": {
      "version": "2.1.1",
      "resolved": "https://registry.npmjs.org/@fastify/busboy/-/busboy-2.1.1.tgz",
      "integrity": "sha512-vBZP4NlzfOlerQTnba4aqZoMhE/a9HY7HRqoOPaETQcSQuWEIyZMHGfVu6w9wGtGK5fED5qRs2DteVCjOH60sA==",
      "dev": true,
      "license": "MIT",
      "engines": {
        "node": ">=14"
      }
    },
    "node_modules/@isaacs/fs-minipass": {
      "version": "4.0.1",
      "resolved": "https://registry.npmjs.org/@isaacs/fs-minipass/-/fs-minipass-4.0.1.tgz",
      "integrity": "sha512-wgm9Ehl2jpeqP3zw/7mo3kRHFp5MEDhqAdwy1fTGkHAwnkGOVsgpvQhL8B5n1qlb01jV3n/bI0ZfZp5lWA1k4w==",
      "license": "ISC",
      "dependencies": {
        "minipass": "^7.0.4"
      },
      "engines": {
        "node": ">=18.0.0"
      }
    },
    "node_modules/@types/node": {
      "version": "22.18.8",
      "resolved": "https://registry.npmjs.org/@types/node/-/node-22.18.8.tgz",
      "integrity": "sha512-pAZSHMiagDR7cARo/cch1f3rXy0AEXwsVsVH09FcyeJVAzCnGgmYis7P3JidtTUjyadhTeSo8TgRPswstghDaw==",
      "dev": true,
      "license": "MIT",
      "dependencies": {
        "undici-types": "~6.21.0"
      }
    },
    "node_modules/chownr": {
      "version": "3.0.0",
      "resolved": "https://registry.npmjs.org/chownr/-/chownr-3.0.0.tgz",
      "integrity": "sha512-+IxzY9BZOQd/XuYPRmrvEVjF/nqj5kgT4kEq7VofrDoM1MxoRjEWkrCC3EtLi59TVawxTAn+orJwFQcrqEN1+g==",
      "license": "BlueOak-1.0.0",
      "engines": {
        "node": ">=18"
      }
    },
    "node_modules/crypto-random-string": {
      "version": "4.0.0",
      "resolved": "https://registry.npmjs.org/crypto-random-string/-/crypto-random-string-4.0.0.tgz",
      "integrity": "sha512-x8dy3RnvYdlUcPOjkEHqozhiwzKNSq7GcPuXFbnyMOCHxX8V3OgIg/pYuabl2sbUPfIJaeAQB7PMOK8DFIdoRA==",
      "license": "MIT",
      "dependencies": {
        "type-fest": "^1.0.1"
      },
      "engines": {
        "node": ">=12"
      },
      "funding": {
        "url": "https://github.com/sponsors/sindresorhus"
      }
    },
    "node_modules/crypto-random-string/node_modules/type-fest": {
      "version": "1.4.0",
      "resolved": "https://registry.npmjs.org/type-fest/-/type-fest-1.4.0.tgz",
      "integrity": "sha512-yGSza74xk0UG8k+pLh5oeoYirvIiWo5t0/o3zHHAO2tRDiZcxWP7fywNlXhqb6/r6sWvwi+RsyQMWhVLe4BVuA==",
      "license": "(MIT OR CC0-1.0)",
      "engines": {
        "node": ">=10"
      },
      "funding": {
        "url": "https://github.com/sponsors/sindresorhus"
      }
    },
    "node_modules/esbuild": {
      "version": "0.25.10",
      "resolved": "https://registry.npmjs.org/esbuild/-/esbuild-0.25.10.tgz",
      "integrity": "sha512-9RiGKvCwaqxO2owP61uQ4BgNborAQskMR6QusfWzQqv7AZOg5oGehdY2pRJMTKuwxd1IDBP4rSbI5lHzU7SMsQ==",
      "dev": true,
      "hasInstallScript": true,
      "license": "MIT",
      "bin": {
        "esbuild": "bin/esbuild"
      },
      "engines": {
        "node": ">=18"
      },
      "optionalDependencies": {
        "@esbuild/aix-ppc64": "0.25.10",
        "@esbuild/android-arm": "0.25.10",
        "@esbuild/android-arm64": "0.25.10",
        "@esbuild/android-x64": "0.25.10",
        "@esbuild/darwin-arm64": "0.25.10",
        "@esbuild/darwin-x64": "0.25.10",
        "@esbuild/freebsd-arm64": "0.25.10",
        "@esbuild/freebsd-x64": "0.25.10",
        "@esbuild/linux-arm": "0.25.10",
        "@esbuild/linux-arm64": "0.25.10",
        "@esbuild/linux-ia32": "0.25.10",
        "@esbuild/linux-loong64": "0.25.10",
        "@esbuild/linux-mips64el": "0.25.10",
        "@esbuild/linux-ppc64": "0.25.10",
        "@esbuild/linux-riscv64": "0.25.10",
        "@esbuild/linux-s390x": "0.25.10",
        "@esbuild/linux-x64": "0.25.10",
        "@esbuild/netbsd-arm64": "0.25.10",
        "@esbuild/netbsd-x64": "0.25.10",
        "@esbuild/openbsd-arm64": "0.25.10",
        "@esbuild/openbsd-x64": "0.25.10",
        "@esbuild/openharmony-arm64": "0.25.10",
        "@esbuild/sunos-x64": "0.25.10",
        "@esbuild/win32-arm64": "0.25.10",
        "@esbuild/win32-ia32": "0.25.10",
        "@esbuild/win32-x64": "0.25.10"
      }
    },
    "node_modules/is-extglob": {
      "version": "1.0.0",
      "resolved": "https://registry.npmjs.org/is-extglob/-/is-extglob-1.0.0.tgz",
      "integrity": "sha512-7Q+VbVafe6x2T+Tu6NcOf6sRklazEPmBoB3IWk3WdGZM2iGUwU/Oe3Wtq5lSEkDTTlpp8yx+5t4pzO/i9Ty1ww==",
      "license": "MIT",
      "engines": {
        "node": ">=0.10.0"
      }
    },
    "node_modules/is-glob": {
      "version": "2.0.1",
      "resolved": "https://registry.npmjs.org/is-glob/-/is-glob-2.0.1.tgz",
      "integrity": "sha512-a1dBeB19NXsf/E0+FHqkagizel/LQw2DjSQpvQrj3zT+jYPpaUCryPnrQajXKFLCMuf4I6FhRpaGtw4lPrG6Eg==",
      "license": "MIT",
      "dependencies": {
        "is-extglob": "^1.0.0"
      },
      "engines": {
        "node": ">=0.10.0"
      }
    },
    "node_modules/is-invalid-path": {
      "version": "0.1.0",
      "resolved": "https://registry.npmjs.org/is-invalid-path/-/is-invalid-path-0.1.0.tgz",
      "integrity": "sha512-aZMG0T3F34mTg4eTdszcGXx54oiZ4NtHSft3hWNJMGJXUUqdIj3cOZuHcU0nCWWcY3jd7yRe/3AEm3vSNTpBGQ==",
      "license": "MIT",
      "dependencies": {
        "is-glob": "^2.0.0"
      },
      "engines": {
        "node": ">=0.10.0"
      }
    },
    "node_modules/is-stream": {
      "version": "3.0.0",
      "resolved": "https://registry.npmjs.org/is-stream/-/is-stream-3.0.0.tgz",
      "integrity": "sha512-LnQR4bZ9IADDRSkvpqMGvt/tEJWclzklNgSw48V5EAaAeDd6qGvN8ei6k5p0tvxSR171VmGyHuTiAOfxAbr8kA==",
      "license": "MIT",
      "engines": {
        "node": "^12.20.0 || ^14.13.1 || >=16.0.0"
      },
      "funding": {
        "url": "https://github.com/sponsors/sindresorhus"
      }
    },
    "node_modules/is-valid-path": {
      "version": "0.1.1",
      "resolved": "https://registry.npmjs.org/is-valid-path/-/is-valid-path-0.1.1.tgz",
      "integrity": "sha512-+kwPrVDu9Ms03L90Qaml+79+6DZHqHyRoANI6IsZJ/g8frhnfchDOBCa0RbQ6/kdHt5CS5OeIEyrYznNuVN+8A==",
      "license": "MIT",
      "dependencies": {
        "is-invalid-path": "^0.1.0"
      },
      "engines": {
        "node": ">=0.10.0"
      }
    },
    "node_modules/minipass": {
      "version": "7.1.2",
      "resolved": "https://registry.npmjs.org/minipass/-/minipass-7.1.2.tgz",
      "integrity": "sha512-qOOzS1cBTWYF4BH8fVePDBOO9iptMnGUEZwNc/cMWnTV2nVLZ7VoNWEPHkYczZA0pdoA7dl6e7FL659nX9S2aw==",
      "license": "ISC",
      "engines": {
        "node": ">=16 || 14 >=14.17"
      }
    },
    "node_modules/minizlib": {
      "version": "3.0.2",
      "resolved": "https://registry.npmjs.org/minizlib/-/minizlib-3.0.2.tgz",
      "integrity": "sha512-oG62iEk+CYt5Xj2YqI5Xi9xWUeZhDI8jjQmC5oThVH5JGCTgIjr7ciJDzC7MBzYd//WvR1OTmP5Q38Q8ShQtVA==",
      "license": "MIT",
      "dependencies": {
        "minipass": "^7.1.2"
      },
      "engines": {
        "node": ">= 18"
      }
    },
    "node_modules/mkdirp": {
      "version": "3.0.1",
      "resolved": "https://registry.npmjs.org/mkdirp/-/mkdirp-3.0.1.tgz",
      "integrity": "sha512-+NsyUUAZDmo6YVHzL/stxSu3t9YS1iljliy3BSDrXJ/dkn1KYdmtZODGGjLcc9XLgVVpH4KshHB8XmZgMhaBXg==",
      "license": "MIT",
      "bin": {
        "mkdirp": "dist/cjs/src/bin.js"
      },
      "engines": {
        "node": ">=10"
      },
      "funding": {
        "url": "https://github.com/sponsors/isaacs"
      }
    },
    "node_modules/node-jq": {
      "version": "6.3.1",
      "resolved": "https://registry.npmjs.org/node-jq/-/node-jq-6.3.1.tgz",
      "integrity": "sha512-4RRIiWwBGxVLLARVBHWyWjruO3IMjK/9bfS96W3RHDNjrGqJiZjWu6Hd1X2J8Xd/otu7FGFm7ryzrdioHxswuw==",
      "hasInstallScript": true,
      "license": "MIT",
      "peer": true,
      "dependencies": {
        "is-valid-path": "^0.1.1",
        "strip-final-newline": "^2.0.0",
        "tar": "^7.4.0",
        "tempy": "^3.1.0",
        "zod": "^3.23.8"
      },
      "bin": {
        "node-jq": "node-jq"
      },
      "engines": {
        "node": ">= 18"
      }
    },
    "node_modules/strip-final-newline": {
      "version": "2.0.0",
      "resolved": "https://registry.npmjs.org/strip-final-newline/-/strip-final-newline-2.0.0.tgz",
      "integrity": "sha512-BrpvfNAE3dcvq7ll3xVumzjKjZQ5tI1sEUIKr3Uoks0XUl45St3FlatVqef9prk4jRDzhW6WZg+3bk93y6pLjA==",
      "license": "MIT",
      "engines": {
        "node": ">=6"
      }
    },
    "node_modules/tar": {
      "version": "7.4.3",
      "resolved": "https://registry.npmjs.org/tar/-/tar-7.4.3.tgz",
      "integrity": "sha512-5S7Va8hKfV7W5U6g3aYxXmlPoZVAwUMy9AOKyF2fVuZa2UD3qZjg578OrLRt8PcNN1PleVaL/5/yYATNL0ICUw==",
      "license": "ISC",
      "dependencies": {
        "@isaacs/fs-minipass": "^4.0.0",
        "chownr": "^3.0.0",
        "minipass": "^7.1.2",
        "minizlib": "^3.0.1",
        "mkdirp": "^3.0.1",
        "yallist": "^5.0.0"
      },
      "engines": {
        "node": ">=18"
      }
    },
    "node_modules/temp-dir": {
      "version": "3.0.0",
      "resolved": "https://registry.npmjs.org/temp-dir/-/temp-dir-3.0.0.tgz",
      "integrity": "sha512-nHc6S/bwIilKHNRgK/3jlhDoIHcp45YgyiwcAk46Tr0LfEqGBVpmiAyuiuxeVE44m3mXnEeVhaipLOEWmH+Njw==",
      "license": "MIT",
      "engines": {
        "node": ">=14.16"
      }
    },
    "node_modules/tempy": {
      "version": "3.1.0",
      "resolved": "https://registry.npmjs.org/tempy/-/tempy-3.1.0.tgz",
      "integrity": "sha512-7jDLIdD2Zp0bDe5r3D2qtkd1QOCacylBuL7oa4udvN6v2pqr4+LcCr67C8DR1zkpaZ8XosF5m1yQSabKAW6f2g==",
      "license": "MIT",
      "dependencies": {
        "is-stream": "^3.0.0",
        "temp-dir": "^3.0.0",
        "type-fest": "^2.12.2",
        "unique-string": "^3.0.0"
      },
      "engines": {
        "node": ">=14.16"
      },
      "funding": {
        "url": "https://github.com/sponsors/sindresorhus"
      }
    },
    "node_modules/tmp": {
      "version": "0.2.3",
      "resolved": "https://registry.npmjs.org/tmp/-/tmp-0.2.3.tgz",
      "integrity": "sha512-nZD7m9iCPC5g0pYmcaxogYKggSfLsdxl8of3Q/oIbqCqLLIO9IAF0GWjX1z9NZRHPiXv8Wex4yDCaZsgEw0Y8w==",
      "dev": true,
      "license": "MIT",
      "engines": {
        "node": ">=14.14"
      }
    },
    "node_modules/tmp-promise": {
      "version": "3.0.3",
      "resolved": "https://registry.npmjs.org/tmp-promise/-/tmp-promise-3.0.3.tgz",
      "integrity": "sha512-RwM7MoPojPxsOBYnyd2hy0bxtIlVrihNs9pj5SUvY8Zz1sQcQG2tG1hSr8PDxfgEB8RNKDhqbIlroIarSNDNsQ==",
      "dev": true,
      "license": "MIT",
      "dependencies": {
        "tmp": "^0.2.0"
      }
    },
    "node_modules/tunnel": {
      "version": "0.0.6",
      "resolved": "https://registry.npmjs.org/tunnel/-/tunnel-0.0.6.tgz",
      "integrity": "sha512-1h/Lnq9yajKY2PEbBadPXj3VxsDDu844OnaAo52UVmIzIvwwtBPIuNvkjuzBlTWpfJyUbG3ez0KSBibQkj4ojg==",
      "dev": true,
      "license": "MIT",
      "engines": {
        "node": ">=0.6.11 <=0.7.0 || >=0.7.3"
      }
    },
    "node_modules/type-fest": {
      "version": "2.19.0",
      "resolved": "https://registry.npmjs.org/type-fest/-/type-fest-2.19.0.tgz",
      "integrity": "sha512-RAH822pAdBgcNMAfWnCBU3CFZcfZ/i1eZjwFU/dsLKumyuuP3niueg2UAukXYF0E2AAoc82ZSSf9J0WQBinzHA==",
      "license": "(MIT OR CC0-1.0)",
      "engines": {
        "node": ">=12.20"
      },
      "funding": {
        "url": "https://github.com/sponsors/sindresorhus"
      }
    },
    "node_modules/typescript": {
      "version": "5.9.2",
      "resolved": "https://registry.npmjs.org/typescript/-/typescript-5.9.2.tgz",
      "integrity": "sha512-CWBzXQrc/qOkhidw1OzBTQuYRbfyxDXJMVJ1XNwUHGROVmuaeiEm3OslpZ1RV96d7SKKjZKrSJu3+t/xlw3R9A==",
      "dev": true,
      "license": "Apache-2.0",
      "bin": {
        "tsc": "bin/tsc",
        "tsserver": "bin/tsserver"
      },
      "engines": {
        "node": ">=14.17"
      }
    },
    "node_modules/undici": {
      "version": "5.29.0",
      "resolved": "https://registry.npmjs.org/undici/-/undici-5.29.0.tgz",
      "integrity": "sha512-raqeBD6NQK4SkWhQzeYKd1KmIG6dllBOTt55Rmkt4HtI9mwdWtJljnrXjAFUBLTSN67HWrOIZ3EPF4kjUw80Bg==",
      "dev": true,
      "license": "MIT",
      "dependencies": {
        "@fastify/busboy": "^2.0.0"
      },
      "engines": {
        "node": ">=14.0"
      }
    },
    "node_modules/undici-types": {
      "version": "6.21.0",
      "resolved": "https://registry.npmjs.org/undici-types/-/undici-types-6.21.0.tgz",
      "integrity": "sha512-iwDZqg0QAGrg9Rav5H4n0M64c3mkR59cJ6wQp+7C4nI0gsmExaedaYLNO44eT4AtBBwjbTiGPMlt2Md0T9H9JQ==",
      "dev": true,
      "license": "MIT"
    },
    "node_modules/unique-string": {
      "version": "3.0.0",
      "resolved": "https://registry.npmjs.org/unique-string/-/unique-string-3.0.0.tgz",
      "integrity": "sha512-VGXBUVwxKMBUznyffQweQABPRRW1vHZAbadFZud4pLFAqRGvv/96vafgjWFqzourzr8YonlQiPgH0YCJfawoGQ==",
      "license": "MIT",
      "dependencies": {
        "crypto-random-string": "^4.0.0"
      },
      "engines": {
        "node": ">=12"
      },
      "funding": {
        "url": "https://github.com/sponsors/sindresorhus"
      }
    },
    "node_modules/yallist": {
      "version": "5.0.0",
      "resolved": "https://registry.npmjs.org/yallist/-/yallist-5.0.0.tgz",
      "integrity": "sha512-YgvUTfwqyc7UXVMrB+SImsVYSmTS8X/tSrtdNZMImM+n7+QTriRXyXim0mBrTXNeqzVF0KWGgHPeiyViFFrNDw==",
      "license": "BlueOak-1.0.0",
      "engines": {
        "node": ">=18"
      }
    },
    "node_modules/zod": {
      "version": "3.24.2",
      "resolved": "https://registry.npmjs.org/zod/-/zod-3.24.2.tgz",
      "integrity": "sha512-lY7CDW43ECgW9u1TcT3IoXHflywfVqDYze4waEz812jR/bZ8FHDsl7pFQoSZTz5N+2NqRXs8GBwnAwo3ZNxqhQ==",
      "license": "MIT",
      "funding": {
        "url": "https://github.com/sponsors/colinhacks"
      }
    }
  }
}
